# THIS IS AN AUTOGENERATED FILE. DO NOT EDIT THIS FILE DIRECTLY.
# yarn lockfile v1


"@popperjs/core@^2.11.8":
  version "2.11.8"
  resolved "https://registry.yarnpkg.com/@popperjs/core/-/core-2.11.8.tgz#6b79032e760a0899cd4204710beede972a3a185f"
  integrity sha512-P1st0aksCrn9sGZhp8GMYwBnQsbvAWsZAX44oXNNvLHGqAOcoVxmjZiohstwQ7SqKnbR47akdNi+uleWD8+g6A==

"@rails/activestorage@^7.0.6":
  version "7.0.6"
  resolved "https://registry.yarnpkg.com/@rails/activestorage/-/activestorage-7.0.6.tgz#8b762e7142eb8332541dffa0f841d7a5026f64fd"
  integrity sha512-sLr5Uj8cnWkX9lLV7wk8mIVFt6XFOJR7mAXm0QmDnrR/YGMF4Ho5tcVRUHzlyAisRQcHp6D0zHSVgOUukF8OHg==
  dependencies:
    spark-md5 "^3.0.1"

blueimp-canvas-to-blob@3:
  version "3.29.0"
  resolved "https://registry.yarnpkg.com/blueimp-canvas-to-blob/-/blueimp-canvas-to-blob-3.29.0.tgz#d965f06cb1a67fdae207a2be56683f55ef531466"
  integrity sha512-0pcSSGxC0QxT+yVkivxIqW0Y4VlO2XSDPofBAqoJ1qJxgH9eiUDLv50Rixij2cDuEfx4M6DpD9UGZpRhT5Q8qg==

blueimp-file-upload@^10.32.0:
  version "10.32.0"
  resolved "https://registry.yarnpkg.com/blueimp-file-upload/-/blueimp-file-upload-10.32.0.tgz#897c91f813ccf4b6cd14db2da3da237ce433e04e"
  integrity sha512-3WMJw5Cbfz94Adl1OeyH+rRpGwHiNHzja+CR6aRWPoAtwrUwvP5gXKo0XdX+sdPE+iCU63Xmba88hoHQmzY8RQ==
  optionalDependencies:
    blueimp-canvas-to-blob "3"
    blueimp-load-image "5"
    blueimp-tmpl "3"

blueimp-load-image@5:
  version "5.16.0"
  resolved "https://registry.yarnpkg.com/blueimp-load-image/-/blueimp-load-image-5.16.0.tgz#16b763f57e6725f8865517bca8eb7c3dc7d41e09"
  integrity sha512-3DUSVdOtlfNRk7moRZuTwDmA3NnG8KIJuLcq3c0J7/BIr6X3Vb/EpX3kUH1joxUhmoVF4uCpDfz7wHkz8pQajA==

blueimp-tmpl@3:
  version "3.20.0"
  resolved "https://registry.yarnpkg.com/blueimp-tmpl/-/blueimp-tmpl-3.20.0.tgz#bed897db362c70d3740e0ad1020ce84bfa15ceaa"
  integrity sha512-g6ln9L+VX8ZA4WA8mgKMethYH+5teroJ2uOkCvcthy9Y9d9LrQ42OAMn+r3ECKu9CB+xe9GOChlIUJBSxwkI6g==

bootstrap@^5.3.1:
  version "5.3.1"
  resolved "https://registry.yarnpkg.com/bootstrap/-/bootstrap-5.3.1.tgz#8ca07040ad15d7f75891d1504cf14c5dedfb1cfe"
  integrity sha512-jzwza3Yagduci2x0rr9MeFSORjcHpt0lRZukZPZQJT1Dth5qzV7XcgGqYzi39KGAVYR8QEDVoO0ubFKOxzMG+g==

spark-md5@^3.0.1:
  version "3.0.2"
  resolved "https://registry.yarnpkg.com/spark-md5/-/spark-md5-3.0.2.tgz#7952c4a30784347abcee73268e473b9c0167e3fc"
  integrity sha512-wcFzz9cDfbuqe0FZzfi2or1sgyIrsDwmPwfZC4hiNidPdPINjeUwNfv5kldczoEAcjl9Y1L3SM7Uz2PUEQzxQw==
